{
  "version": 4,
  "terraform_version": "0.14.0",
  "serial": 15,
  "lineage": "24f1a6bd-cc87-9469-9da8-80db03e908ca",
  "outputs": {},
  "resources": [
    {
      "mode": "data",
      "type": "google_project",
      "name": "project",
      "provider": "provider[\"registry.terraform.io/hashicorp/google\"]",
      "instances": [
        {
          "schema_version": 0,
          "attributes": {
            "auto_create_network": null,
            "billing_account": "0177CD-5981DE-50612E",
            "folder_id": "299940155397",
            "id": "projects/airline1-sabre-wolverine",
            "labels": {},
            "name": "airline1-sabre-wolverine",
            "number": "680501254856",
            "org_id": "",
            "project_id": "airline1-sabre-wolverine",
            "skip_delete": null
          },
          "sensitive_attributes": []
        }
      ]
    },
    {
      "mode": "managed",
      "type": "google_bigquery_dataset",
      "name": "dataset",
      "provider": "provider[\"registry.terraform.io/hashicorp/google\"]",
      "instances": []
    },
    {
      "mode": "managed",
      "type": "google_cloudfunctions_function",
      "name": "function",
      "provider": "provider[\"registry.terraform.io/hashicorp/google\"]",
      "instances": []
    },
    {
      "mode": "managed",
      "type": "google_compute_forwarding_rule",
      "name": "google_compute_forwarding_rule",
      "provider": "provider[\"registry.terraform.io/hashicorp/google-beta\"]",
      "instances": []
    },
    {
      "mode": "managed",
      "type": "google_compute_instance_template",
      "name": "instance_template",
      "provider": "provider[\"registry.terraform.io/hashicorp/google-beta\"]",
      "instances": []
    },
    {
      "mode": "managed",
      "type": "google_compute_network",
      "name": "vpc_network_1",
      "provider": "provider[\"registry.terraform.io/hashicorp/google\"]",
      "instances": [
        {
          "schema_version": 0,
          "attributes": {
            "auto_create_subnetworks": false,
            "delete_default_routes_on_create": true,
            "description": "",
            "gateway_ipv4": "",
            "id": "projects/airline1-sabre-wolverine/global/networks/wf-us-prod-vpc-demo-vpc1",
            "mtu": 0,
            "name": "wf-us-prod-vpc-demo-vpc1",
            "project": "airline1-sabre-wolverine",
            "routing_mode": "REGIONAL",
            "self_link": "https://www.googleapis.com/compute/v1/projects/airline1-sabre-wolverine/global/networks/wf-us-prod-vpc-demo-vpc1",
            "timeouts": null
          },
          "sensitive_attributes": [],
          "private": "eyJlMmJmYjczMC1lY2FhLTExZTYtOGY4OC0zNDM2M2JjN2M0YzAiOnsiY3JlYXRlIjoyNDAwMDAwMDAwMDAsImRlbGV0ZSI6MjQwMDAwMDAwMDAwLCJ1cGRhdGUiOjI0MDAwMDAwMDAwMH19"
        }
      ]
    },
    {
      "mode": "managed",
      "type": "google_compute_network",
      "name": "vpc_network_2",
      "provider": "provider[\"registry.terraform.io/hashicorp/google\"]",
      "instances": [
        {
          "schema_version": 0,
          "attributes": {
            "auto_create_subnetworks": false,
            "delete_default_routes_on_create": true,
            "description": "",
            "gateway_ipv4": "",
            "id": "projects/airline1-sabre-wolverine/global/networks/wf-us-prod-vpc-demo-vpc2",
            "mtu": 0,
            "name": "wf-us-prod-vpc-demo-vpc2",
            "project": "airline1-sabre-wolverine",
            "routing_mode": "REGIONAL",
            "self_link": "https://www.googleapis.com/compute/v1/projects/airline1-sabre-wolverine/global/networks/wf-us-prod-vpc-demo-vpc2",
            "timeouts": null
          },
          "sensitive_attributes": [],
          "private": "eyJlMmJmYjczMC1lY2FhLTExZTYtOGY4OC0zNDM2M2JjN2M0YzAiOnsiY3JlYXRlIjoyNDAwMDAwMDAwMDAsImRlbGV0ZSI6MjQwMDAwMDAwMDAwLCJ1cGRhdGUiOjI0MDAwMDAwMDAwMH19"
        }
      ]
    },
    {
      "mode": "managed",
      "type": "google_compute_network_peering",
      "name": "peering1",
      "provider": "provider[\"registry.terraform.io/hashicorp/google\"]",
      "instances": [
        {
          "schema_version": 0,
          "attributes": {
            "export_custom_routes": false,
            "export_subnet_routes_with_public_ip": true,
            "id": "wf-us-prod-vpc-demo-vpc1/wf-us-prod-vpc-demo-peering1",
            "import_custom_routes": false,
            "import_subnet_routes_with_public_ip": false,
            "name": "wf-us-prod-vpc-demo-peering1",
            "network": "projects/airline1-sabre-wolverine/global/networks/wf-us-prod-vpc-demo-vpc1",
            "peer_network": "https://www.googleapis.com/compute/v1/projects/airline1-sabre-wolverine/global/networks/wf-us-prod-vpc-demo-vpc2",
            "state": "INACTIVE",
            "state_details": "[2021-12-23T01:19:36.636-08:00]: Waiting for peer network to connect.",
            "timeouts": null
          },
          "sensitive_attributes": [],
          "private": "eyJlMmJmYjczMC1lY2FhLTExZTYtOGY4OC0zNDM2M2JjN2M0YzAiOnsiY3JlYXRlIjoyNDAwMDAwMDAwMDAsImRlbGV0ZSI6MjQwMDAwMDAwMDAwLCJ1cGRhdGUiOjI0MDAwMDAwMDAwMH19",
          "dependencies": [
            "google_compute_network.vpc_network_1",
            "google_compute_network.vpc_network_2"
          ]
        }
      ]
    },
    {
      "mode": "managed",
      "type": "google_compute_network_peering",
      "name": "peering2",
      "provider": "provider[\"registry.terraform.io/hashicorp/google\"]",
      "instances": [
        {
          "schema_version": 0,
          "attributes": {
            "export_custom_routes": false,
            "export_subnet_routes_with_public_ip": true,
            "id": "wf-us-prod-vpc-demo-vpc2/wf-us-prod-vpc-demo-peering2",
            "import_custom_routes": false,
            "import_subnet_routes_with_public_ip": false,
            "name": "wf-us-prod-vpc-demo-peering2",
            "network": "projects/airline1-sabre-wolverine/global/networks/wf-us-prod-vpc-demo-vpc2",
            "peer_network": "https://www.googleapis.com/compute/v1/projects/airline1-sabre-wolverine/global/networks/wf-us-prod-vpc-demo-vpc1",
            "state": "ACTIVE",
            "state_details": "[2021-12-23T01:19:38.714-08:00]: Connected.",
            "timeouts": null
          },
          "sensitive_attributes": [],
          "private": "eyJlMmJmYjczMC1lY2FhLTExZTYtOGY4OC0zNDM2M2JjN2M0YzAiOnsiY3JlYXRlIjoyNDAwMDAwMDAwMDAsImRlbGV0ZSI6MjQwMDAwMDAwMDAwLCJ1cGRhdGUiOjI0MDAwMDAwMDAwMH19",
          "dependencies": [
            "google_compute_network.vpc_network_1",
            "google_compute_network.vpc_network_2"
          ]
        }
      ]
    },
    {
      "mode": "managed",
      "type": "google_compute_region_backend_service",
      "name": "default",
      "provider": "provider[\"registry.terraform.io/hashicorp/google-beta\"]",
      "instances": []
    },
    {
      "mode": "managed",
      "type": "google_compute_region_instance_group_manager",
      "name": "mig",
      "provider": "provider[\"registry.terraform.io/hashicorp/google-beta\"]",
      "instances": []
    },
    {
      "mode": "managed",
      "type": "google_compute_region_ssl_certificate",
      "name": "default",
      "provider": "provider[\"registry.terraform.io/hashicorp/google\"]",
      "instances": [
        {
          "schema_version": 0,
          "attributes": {
            "certificate": "-----BEGIN CERTIFICATE-----\r\nMIIDFzCCAf+gAwIBAgIUAJwFwZ9UgnSIjOqExZ9jrNIix94wDQYJKoZIhvcNAQEL\r\nBQAwGzEZMBcGA1UEAwwQdGVzdC5leGFtcGxlLmNvbTAeFw0yMTEyMTMxMDU0Mzla\r\nFw0zMTEyMTExMDU0MzlaMBsxGTAXBgNVBAMMEHRlc3QuZXhhbXBsZS5jb20wggEi\r\nMA0GCSqGSIb3DQEBAQUAA4IBDwAwggEKAoIBAQC7n/Xp8obaJNrVsTTxDp8pS3Az\r\nW7jM7UK8VWlq+A14fXf8VWptvXqemYI9It+oFJpLSbwpJm8UTqwcDFrNu3BixvSS\r\nREMNluU9UiyaxZ5rdPqfTb0qkH77yem8Rd4Fpl6bMjIDo2YU9mBLLABTKnAznjJ4\r\nlIEYB041ToTjh2m7Cv+QcYNPaj/JnR7OoKjZ3csAJ++qiFbgkHS19+dESIQ0qPAg\r\no/3pWIPIgtfB86l0ZQEznElGwc/kLM0fJ8YZmEcpjx5X139MO1aw3GQdbmif4L2v\r\nU4iajAGukSJKvKSDFer7B3nXwcI2AeSsXg7KmQmzosXb7+NMMu/xsymSvsVPAgMB\r\nAAGjUzBRMB0GA1UdDgQWBBSwLvNNeygrIEul1L1xpHYs+9xboDAfBgNVHSMEGDAW\r\ngBSwLvNNeygrIEul1L1xpHYs+9xboDAPBgNVHRMBAf8EBTADAQH/MA0GCSqGSIb3\r\nDQEBCwUAA4IBAQBzaLW5GYTX1vVD6q1TOSgigz8tTIToML7KapHOm6dx+bMojJwO\r\nIsoRwdpDNIP4whwv9mAa/Bb2v2tpbZIwyKXI/DoOkVAJweazM8JvEi0lGM1xXQhm\r\n7d/7Ohz+V3v45L0qwccZ4PSAf2e0aV5Z/PgFKay5ejAi5u3T67WWy5/60BmI33LU\r\nusEAbqHvFQXNYW7Y7XgVMdhc9e+KbBZmaQW/afi0EkSEW33Wkt7SpCWTLV0c8V+i\r\nODO1/OKEizinYN55FB27663DoJCQM4euLGjPFcEAkUK3M6JthzD/2PXAFYdQX/tb\r\nJnxspnmg1liljTQjUIqgTV94ro8RlQ+g3eFo\r\n-----END CERTIFICATE-----",
            "certificate_id": 4893367676470657504,
            "creation_timestamp": "2021-12-23T01:19:11.912-08:00",
            "description": "",
            "id": "projects/airline1-sabre-wolverine/regions/europe-west1/sslCertificates/wf-us-prod-ssl-demo-ssl123",
            "name": "wf-us-prod-ssl-demo-ssl123",
            "name_prefix": null,
            "private_key": "-----BEGIN PRIVATE KEY-----\r\nMIIEvgIBADANBgkqhkiG9w0BAQEFAASCBKgwggSkAgEAAoIBAQC7n/Xp8obaJNrV\r\nsTTxDp8pS3AzW7jM7UK8VWlq+A14fXf8VWptvXqemYI9It+oFJpLSbwpJm8UTqwc\r\nDFrNu3BixvSSREMNluU9UiyaxZ5rdPqfTb0qkH77yem8Rd4Fpl6bMjIDo2YU9mBL\r\nLABTKnAznjJ4lIEYB041ToTjh2m7Cv+QcYNPaj/JnR7OoKjZ3csAJ++qiFbgkHS1\r\n9+dESIQ0qPAgo/3pWIPIgtfB86l0ZQEznElGwc/kLM0fJ8YZmEcpjx5X139MO1aw\r\n3GQdbmif4L2vU4iajAGukSJKvKSDFer7B3nXwcI2AeSsXg7KmQmzosXb7+NMMu/x\r\nsymSvsVPAgMBAAECggEBAJ2UMTM1T/DytyB2XmJ+x0olY6yewkzKkBwhGBKRFq81\r\noYo6KtLUKqH9h5bVLUa7VwMYgIGHGA/UK1S7Q6A6Zp9vPYWC81X8f7fKxk+O3gie\r\nDMeywMd46E2MPVS00U2pdxedRsgredbtPd6kq/ktUWLo4LbI8ss9h3/Z3F5EIpbF\r\nqvq5DgYA6pVZeaRt5Ei0cUVopySGkLjfO7P8bO7vzjkmP/CiWJ0qw9fN63ecRjok\r\nI8Te51m/F0Xn2/1NPgnJN2INk+mYQ2q3IcypRRVnkQCi0DLU+elgqH2lPyo4rY4T\r\nn0rVshx349P0CBz7v6jWl9fZXLQkgDIwB8bzoc5jUcECgYEA6mUd3MJQ23aYTlcJ\r\nBNUI5l/srbNy1v/KJz2jgy02GFOjqcLhJk8RW3pgvqvtEcXTnkk4K1y5E5viXVXM\r\nFIzdeZQIgoFMOzQVLf4B//FSnfvST04tCanM8f59HFIsRdX+WGD84p4wXQ65iVim\r\nAMnrCL2xuz2lIDHy1Qkj46mLUd8CgYEAzOs8ZGP4gbLgIckbmsw+hswlgc78Bl5o\r\nUAqAH+jWb9GO+fcE8hQP/fD5kpc9qTk4vSZDzPvfj2VKAl8FfF2QEtc9aVwqjs2n\r\n/ANKrUE/u4iR4grEQ28Xs1YVLEnO6HtIpMHP5Ao4iChVnJzqvP0pkXSqjsiEeFba\r\nD/4deBOTWpECgYBqA/YvxUvhF5DnzgHsR5bQ7A4WupV0nRkICp8MU8Sl2B6sR9Ki\r\nCx0krQNY+lYttbZzX1aidjvXnKgT4xx9JwF9XfFDZcve8z2pIbwx0Sq2/hEvgYJp\r\nXn2t7pcT2i7gH1v9CVEYBsiFLoXIk2nx7WH7ACGFOOqY1z6oEIxFCohTLQKBgCes\r\n8B9737S0/oJsHsUlAII26pgsjE1rYAUHU3FaMpKp32X0duesDMCdNKU2VUD7jEnL\r\nK9t3dPydnuvAnB5NO0T6mbBZoP/PP9QiiwXqmT1lHuHGNePckZkudKEDlWUb4Z/M\r\nysSbWgC61oChPS3kUnUQQqmsl0F5h3ULPYdvOtuRAoGBANulgnGd9EKl2ZPTVyk4\r\nhm9PQ01C8qP8ESqDdpD1y2gPWmolqvMbrF4yPPxnU/kE7xSYPbfnwUcrI2jKkcyQ\r\nHhRMxCAPbwBNVb/+Na89OBIcqw+Gx5Awp7nFZfR3q/GN/W5uIxB9gerXS4EHRRW4\r\npSnbVs34dfOj38xNyhQts49G\r\n-----END PRIVATE KEY-----\r\n",
            "project": "airline1-sabre-wolverine",
            "region": "europe-west1",
            "self_link": "https://www.googleapis.com/compute/v1/projects/airline1-sabre-wolverine/regions/europe-west1/sslCertificates/wf-us-prod-ssl-demo-ssl123",
            "timeouts": null
          },
          "sensitive_attributes": [],
          "private": "eyJlMmJmYjczMC1lY2FhLTExZTYtOGY4OC0zNDM2M2JjN2M0YzAiOnsiY3JlYXRlIjoyNDAwMDAwMDAwMDAsImRlbGV0ZSI6MjQwMDAwMDAwMDAwfX0="
        }
      ]
    },
    {
      "mode": "managed",
      "type": "google_compute_region_target_https_proxy",
      "name": "default",
      "provider": "provider[\"registry.terraform.io/hashicorp/google\"]",
      "instances": []
    },
    {
      "mode": "managed",
      "type": "google_compute_region_url_map",
      "name": "default",
      "provider": "provider[\"registry.terraform.io/hashicorp/google-beta\"]",
      "instances": []
    },
    {
      "mode": "managed",
      "type": "google_compute_route",
      "name": "default_internet",
      "provider": "provider[\"registry.terraform.io/hashicorp/google\"]",
      "instances": [
        {
          "schema_version": 0,
          "attributes": {
            "description": "",
            "dest_range": "0.0.0.0/0",
            "id": "projects/airline1-sabre-wolverine/global/routes/wf-us-prod-vpc-demo-route",
            "name": "wf-us-prod-vpc-demo-route",
            "network": "https://www.googleapis.com/compute/v1/projects/airline1-sabre-wolverine/global/networks/wf-us-prod-vpc-demo-vpc1",
            "next_hop_gateway": "",
            "next_hop_ilb": "",
            "next_hop_instance": "",
            "next_hop_instance_zone": null,
            "next_hop_ip": "10.0.0.6",
            "next_hop_network": "",
            "next_hop_vpn_tunnel": "",
            "priority": 1000,
            "project": "airline1-sabre-wolverine",
            "self_link": "https://www.googleapis.com/compute/v1/projects/airline1-sabre-wolverine/global/routes/wf-us-prod-vpc-demo-route",
            "tags": null,
            "timeouts": null
          },
          "sensitive_attributes": [],
          "private": "eyJlMmJmYjczMC1lY2FhLTExZTYtOGY4OC0zNDM2M2JjN2M0YzAiOnsiY3JlYXRlIjoyNDAwMDAwMDAwMDAsImRlbGV0ZSI6MjQwMDAwMDAwMDAwfX0=",
          "dependencies": [
            "google_compute_network.vpc_network_1"
          ]
        }
      ]
    },
    {
      "mode": "managed",
      "type": "google_compute_subnetwork",
      "name": "ilb_subnet",
      "provider": "provider[\"registry.terraform.io/hashicorp/google-beta\"]",
      "instances": []
    },
    {
      "mode": "managed",
      "type": "google_compute_subnetwork",
      "name": "proxy_subnet",
      "provider": "provider[\"registry.terraform.io/hashicorp/google-beta\"]",
      "instances": []
    },
    {
      "mode": "managed",
      "type": "google_compute_subnetwork",
      "name": "vpc_subnet",
      "provider": "provider[\"registry.terraform.io/hashicorp/google\"]",
      "instances": [
        {
          "schema_version": 0,
          "attributes": {
            "creation_timestamp": "2021-12-23T01:19:36.696-08:00",
            "description": "",
            "external_ipv6_prefix": "",
            "fingerprint": null,
            "gateway_address": "10.0.0.1",
            "id": "projects/airline1-sabre-wolverine/regions/us-central1/subnetworks/wf-us-prod-vpc-demo-subnet",
            "ip_cidr_range": "10.0.0.0/16",
            "ipv6_access_type": "",
            "ipv6_cidr_range": "",
            "log_config": [],
            "name": "wf-us-prod-vpc-demo-subnet",
            "network": "https://www.googleapis.com/compute/v1/projects/airline1-sabre-wolverine/global/networks/wf-us-prod-vpc-demo-vpc1",
            "private_ip_google_access": false,
            "private_ipv6_google_access": "DISABLE_GOOGLE_ACCESS",
            "project": "airline1-sabre-wolverine",
            "purpose": "PRIVATE",
            "region": "us-central1",
            "role": "",
            "secondary_ip_range": [],
            "self_link": "https://www.googleapis.com/compute/v1/projects/airline1-sabre-wolverine/regions/us-central1/subnetworks/wf-us-prod-vpc-demo-subnet",
            "stack_type": "IPV4_ONLY",
            "timeouts": null
          },
          "sensitive_attributes": [],
          "private": "eyJlMmJmYjczMC1lY2FhLTExZTYtOGY4OC0zNDM2M2JjN2M0YzAiOnsiY3JlYXRlIjozNjAwMDAwMDAwMDAsImRlbGV0ZSI6MzYwMDAwMDAwMDAwLCJ1cGRhdGUiOjM2MDAwMDAwMDAwMH19",
          "dependencies": [
            "google_compute_network.vpc_network_1"
          ]
        }
      ]
    },
    {
      "mode": "managed",
      "type": "google_container_cluster",
      "name": "primary",
      "provider": "provider[\"registry.terraform.io/hashicorp/google\"]",
      "instances": [
        {
          "schema_version": 1,
          "attributes": {
            "addons_config": [
              {
                "cloudrun_config": [],
                "horizontal_pod_autoscaling": [],
                "http_load_balancing": [],
                "network_policy_config": [
                  {
                    "disabled": true
                  }
                ]
              }
            ],
            "authenticator_groups_config": [],
            "cluster_autoscaling": [
              {
                "auto_provisioning_defaults": [],
                "enabled": false,
                "resource_limits": []
              }
            ],
            "cluster_ipv4_cidr": "10.88.0.0/14",
            "confidential_nodes": [],
            "database_encryption": [
              {
                "key_name": "",
                "state": "DECRYPTED"
              }
            ],
            "datapath_provider": "",
            "default_max_pods_per_node": 110,
            "default_snat_status": [
              {
                "disabled": false
              }
            ],
            "description": "",
            "enable_autopilot": false,
            "enable_binary_authorization": false,
            "enable_intranode_visibility": false,
            "enable_kubernetes_alpha": false,
            "enable_legacy_abac": false,
            "enable_shielded_nodes": true,
            "enable_tpu": false,
            "endpoint": "10.0.1.2",
            "id": "projects/airline1-sabre-wolverine/locations/us-central1/clusters/wf-us-prod-gke-demo-cl1233",
            "initial_node_count": 1,
            "ip_allocation_policy": [
              {
                "cluster_ipv4_cidr_block": "10.88.0.0/14",
                "cluster_secondary_range_name": "gke-wf-us-prod-gke-demo-cl1233-pods-5e74b830",
                "services_ipv4_cidr_block": "10.92.0.0/20",
                "services_secondary_range_name": "gke-wf-us-prod-gke-demo-cl1233-services-5e74b830"
              }
            ],
            "label_fingerprint": "a9dc16a7",
            "location": "us-central1",
            "logging_config": [
              {
                "enable_components": [
                  "SYSTEM_COMPONENTS",
                  "WORKLOADS"
                ]
              }
            ],
            "logging_service": "logging.googleapis.com/kubernetes",
            "maintenance_policy": [],
            "master_auth": [
              {
                "client_certificate": "",
                "client_certificate_config": [
                  {
                    "issue_client_certificate": false
                  }
                ],
                "client_key": "",
                "cluster_ca_certificate": "LS0tLS1CRUdJTiBDRVJUSUZJQ0FURS0tLS0tCk1JSUVMRENDQXBTZ0F3SUJBZ0lRU25neTJGWWpMODNHWWFtYkZlbVAyVEFOQmdrcWhraUc5dzBCQVFzRkFEQXYKTVMwd0t3WURWUVFERXlRM05qRXpZemxoTnkxaFltWXlMVFJrWm1NdFlXUmtNaTFqTmpNM1pUQmtPVE15WVRZdwpJQmNOTWpFeE1qSXpNRGd4T1RFMFdoZ1BNakExTVRFeU1UWXdPVEU1TVRSYU1DOHhMVEFyQmdOVkJBTVRKRGMyCk1UTmpPV0UzTFdGaVpqSXROR1JtWXkxaFpHUXlMV00yTXpkbE1HUTVNekpoTmpDQ0FhSXdEUVlKS29aSWh2Y04KQVFFQkJRQURnZ0dQQURDQ0FZb0NnZ0dCQUtTbG1GNzBhOUFldVFnVmJPOUNpdEhpckUzNEdzcXRVOFpZRHZSQwp1TzhiajY3OVk4WU9QdTlkaVBzQzZZSXU0RzcwQWt0bXl5VzFDZndpY0ExNEFOb2kxSEtjWTVYbVVURXBYYTF2CjZ3MllyaUwwSTl6c21DVWxNOFVRL3prOTBoVFJoTmdaK3FCdTVUaG51c0xXRU93b29XcU1Qc2pIemxOUU9QaDQKck5qczhTOEpwZ1RVbmRKZk9RZ2w3aXdjcFozRFdWRnNucDJHc3Z2TFFRTldnRVQ5eXVPQzhNQjVWanFvRTQxcQpMN2xEOXpRVVlHTnRSQ0dyZWJYWHNwRXdzR1ltZXJqSG1sSklQZHJNbEtuTHYyalBrNDVaSGZzSG1qT1hjMXNTClFjdytaSUEwQUcyMWIzbDhkOHBVVTdyYXlNVWpQVTVRRUloSXNQSWpSSVd2cjFVYXNuN3k0eWFoRjlZalB4T0oKY3JnM3gvc1kwRWN1SDlIRWhOMUlldHhSdmI4Q1h6dGZaYWVHRnFVTjhISHdRcEZ0b3VVaGdMMnQ0ejdvYm40TQpzY1VSSXo0MDJQNXVqaHdjdjNDdDNaZHBRYTBnR1JMbzFDeUViOWd1Z0RHeFE3ZmRVOEc3eEUrS095OG5ZTDVRCnlPalUyN3RjRXQxU1NrRFYyeHlWN05EZ0ZRSURBUUFCbzBJd1FEQU9CZ05WSFE4QkFmOEVCQU1DQWdRd0R3WUQKVlIwVEFRSC9CQVV3QXdFQi96QWRCZ05WSFE0RUZnUVV4dnNmTnRkVE81NGdQOVB2bllnSW9NTlY3c1V3RFFZSgpLb1pJaHZjTkFRRUxCUUFEZ2dHQkFHakNNcjFVSVAvSk9UTThOOGJ4ZDZKWUxuWElLSEcwcXNZRVVBUEJtNlpwCjN5QllWSGVTWWpHc2YzTDc2czJjdVp4RmtGMTRPUlUvU25PUENZY2NJTmNJa2Z4OVd3QWtPaFJWSGg0YzlKVkYKSWQrd1B6UGFWL0t3T1BjeCtoYXBrQ2ZKbzNqd1ZyeFVqVnhyM2RUUXgvWlBTMFV1UDJQK09tVlhOcjVLT2UzMQo2RDczRnFocnRvRkZKOFhscVRNQ0xWYTR1amtXNVJjcDNBQUJPSURBVVJDYVovSDZNQks5VnphZ2MzaDB6M05lCkV2dklkcGhtNVcxQzVJOVY1RHd5YWhaYS9qcFVXY0Zmd2cwQnBoZmUrQitUam94MklheEtBVGxOeUxYR2Z1T2cKNmlBdFlSTWxDa2poYVcrL3lzMkZsNjl5U2ZpS1pXRWFHV2l4WWdlTWxXSlMyaCtHQkppZUhnVS9HcFJ4bDU0TApKUkp3NUVLQU9qLzQvZ2RyTFh4OUtrNUVBZXJQeVdCWW9HZlVDV2xpazRJNHB3NVlYSFhIZHBVTkZhYm5YUTFQCmxKc2FranQ0TjErbUE2QldWVHhGQ0d2TXNSV0VPNHpOMUI5Z3JKUWV4SlRSUUI3cU1ZcXhEN2p0alhYMGViWTMKY1VNUjE5TUUvamQ5ZGh5NTRrdG53dz09Ci0tLS0tRU5EIENFUlRJRklDQVRFLS0tLS0K"
              }
            ],
            "master_authorized_networks_config": [
              {
                "cidr_blocks": null
              }
            ],
            "master_version": "1.21.5-gke.1302",
            "min_master_version": null,
            "monitoring_config": [
              {
                "enable_components": [
                  "SYSTEM_COMPONENTS"
                ]
              }
            ],
            "monitoring_service": "monitoring.googleapis.com/kubernetes",
            "name": "wf-us-prod-gke-demo-cl1233",
            "network": "projects/airline1-sabre-wolverine/global/networks/default",
            "network_policy": [
              {
                "enabled": false,
                "provider": "PROVIDER_UNSPECIFIED"
              }
            ],
            "networking_mode": "VPC_NATIVE",
            "node_config": [],
            "node_locations": [
              "us-central1-a",
              "us-central1-c",
              "us-central1-f"
            ],
            "node_pool": [],
            "node_version": "1.21.5-gke.1302",
            "operation": null,
            "private_cluster_config": [
              {
                "enable_private_endpoint": true,
                "enable_private_nodes": true,
                "master_global_access_config": [
                  {
                    "enabled": false
                  }
                ],
                "master_ipv4_cidr_block": "10.0.1.0/28",
                "peering_name": "gke-n7d04ee43e6afe7a7f38-fca1-4cda-peer",
                "private_endpoint": "10.0.1.2",
                "public_endpoint": "34.136.114.188"
              }
            ],
            "private_ipv6_google_access": "",
            "project": "airline1-sabre-wolverine",
            "release_channel": [
              {
                "channel": "REGULAR"
              }
            ],
            "remove_default_node_pool": true,
            "resource_labels": null,
            "resource_usage_export_config": [],
            "self_link": "https://container.googleapis.com/v1/projects/airline1-sabre-wolverine/locations/us-central1/clusters/wf-us-prod-gke-demo-cl1233",
            "services_ipv4_cidr": "10.92.0.0/20",
            "subnetwork": "projects/airline1-sabre-wolverine/regions/us-central1/subnetworks/default",
            "timeouts": null,
            "tpu_ipv4_cidr_block": "",
            "vertical_pod_autoscaling": [],
            "workload_identity_config": []
          },
          "sensitive_attributes": [],
          "private": "eyJlMmJmYjczMC1lY2FhLTExZTYtOGY4OC0zNDM2M2JjN2M0YzAiOnsiY3JlYXRlIjoyNDAwMDAwMDAwMDAwLCJkZWxldGUiOjI0MDAwMDAwMDAwMDAsInJlYWQiOjI0MDAwMDAwMDAwMDAsInVwZGF0ZSI6MzYwMDAwMDAwMDAwMH0sInNjaGVtYV92ZXJzaW9uIjoiMSJ9"
        }
      ]
    },
    {
      "mode": "managed",
      "type": "google_container_node_pool",
      "name": "primary_preemptible_nodes",
      "provider": "provider[\"registry.terraform.io/hashicorp/google\"]",
      "instances": []
    },
    {
      "mode": "managed",
      "type": "google_dataproc_cluster",
      "name": "cluster-wsar",
      "provider": "provider[\"registry.terraform.io/hashicorp/google-beta\"]",
      "instances": [
        {
          "status": "tainted",
          "schema_version": 0,
          "attributes": {
            "cluster_config": [
              {
                "autoscaling_config": [],
                "bucket": "",
                "encryption_config": [
                  {
                    "kms_key_name": ""
                  }
                ],
                "endpoint_config": [
                  {
                    "enable_http_port_access": false,
                    "http_ports": {}
                  }
                ],
                "gce_cluster_config": [
                  {
                    "internal_ip_only": false,
                    "metadata": null,
                    "network": "",
                    "service_account": "",
                    "service_account_scopes": [],
                    "shielded_instance_config": [],
                    "subnetwork": "projects/airline1-sabre-wolverine/regions/us-central1/subnetworks/us-dev-appid-syst-demo-subnet",
                    "tags": [
                      "bar",
                      "foo"
                    ],
                    "zone": ""
                  }
                ],
                "initialization_action": [],
                "lifecycle_config": [],
                "master_config": [
                  {
                    "accelerators": [],
                    "disk_config": [],
                    "image_uri": "",
                    "instance_names": [],
                    "machine_type": "e2-medium",
                    "min_cpu_platform": "",
                    "num_instances": 1
                  }
                ],
                "metastore_config": [],
                "preemptible_worker_config": [
                  {
                    "disk_config": [],
                    "instance_names": [],
                    "num_instances": 0
                  }
                ],
                "security_config": [],
                "software_config": [
                  {
                    "image_version": "1.3.7-deb9",
                    "optional_components": null,
                    "override_properties": {
                      "dataproc:dataproc.allow.zero.workers": "true"
                    },
                    "properties": {}
                  }
                ],
                "staging_bucket": "dataproc-staging-bucket123",
                "temp_bucket": "",
                "worker_config": [
                  {
                    "accelerators": [],
                    "disk_config": [],
                    "image_uri": "",
                    "instance_names": [],
                    "machine_type": "e2-medium",
                    "min_cpu_platform": "",
                    "num_instances": 2
                  }
                ]
              }
            ],
            "graceful_decommission_timeout": "120s",
            "id": "projects/airline1-sabre-wolverine/regions/us-central1/clusters/wf-us-prod-dp-demo-dpcluster",
            "labels": {
              "application_division": "pci",
              "application_name": "",
              "application_role": "auth",
              "au": "",
              "created": "20211001",
              "environment": "dev",
              "gcp_region": "us-central1",
              "owner": "wf"
            },
            "name": "wf-us-prod-dp-demo-dpcluster",
            "project": "airline1-sabre-wolverine",
            "region": "us-central1",
            "timeouts": null
          },
          "sensitive_attributes": [],
          "private": "eyJlMmJmYjczMC1lY2FhLTExZTYtOGY4OC0zNDM2M2JjN2M0YzAiOnsiY3JlYXRlIjoxMjAwMDAwMDAwMDAwLCJkZWxldGUiOjEyMDAwMDAwMDAwMDAsInVwZGF0ZSI6MTIwMDAwMDAwMDAwMH19"
        }
      ]
    },
    {
      "mode": "managed",
      "type": "google_dialogflow_cx_intent",
      "name": "basic_intent",
      "provider": "provider[\"registry.terraform.io/hashicorp/google\"]",
      "instances": []
    },
    {
      "mode": "managed",
      "type": "google_kms_crypto_key_iam_member",
      "name": "bq_encryption_iam",
      "provider": "provider[\"registry.terraform.io/hashicorp/google\"]",
      "instances": []
    },
    {
      "mode": "managed",
      "type": "google_kms_crypto_key_iam_member",
      "name": "encryption",
      "provider": "provider[\"registry.terraform.io/hashicorp/google\"]",
      "instances": []
    },
    {
      "mode": "managed",
      "type": "google_kms_key_ring",
      "name": "app_keyring",
      "provider": "provider[\"registry.terraform.io/hashicorp/google\"]",
      "instances": [
        {
          "schema_version": 0,
          "attributes": {
            "id": "projects/airline1-sabre-wolverine/locations/us/keyRings/wf-us-prod-kms-demo-keyring",
            "location": "us",
            "name": "wf-us-prod-kms-demo-keyring",
            "project": "airline1-sabre-wolverine",
            "timeouts": null
          },
          "sensitive_attributes": [],
          "private": "eyJlMmJmYjczMC1lY2FhLTExZTYtOGY4OC0zNDM2M2JjN2M0YzAiOnsiY3JlYXRlIjoyNDAwMDAwMDAwMDAsImRlbGV0ZSI6MjQwMDAwMDAwMDAwfX0="
        }
      ]
    },
    {
      "mode": "managed",
      "type": "google_kms_key_ring_import_job",
      "name": "example",
      "provider": "provider[\"registry.terraform.io/hashicorp/google\"]",
      "instances": [
        {
          "schema_version": 0,
          "attributes": {
            "attestation": [
              {
                "content": "H4sIAAAAAAAAAGNgAANmBgbuBwwMXAcgXNZ/EJpnPQMjUI6DNQ4qpgKkvSByDIxMQAxmwAiQCAMIMwJ5jCwwBitMmg0mwg4T4YAxuGBSyTAGM0wqCSoCciRDQ2JBQXx2aiXDwAGwLxtSUi1NjdKSzUxSTSyTzFKMzZISk5PNU83MjI1MjM1SzJMNEo0sEy1Tk8zNUkzT0pLTDCyTTS2Sk0yAMgZmxonm5okGKRaWSSmmZkbGZgYWiaaJKUZArpGFabJZaiqQYWyYZpJoaWxsaG5pbJJibJSYkmZglppikmSSnJxmCXRHItAdLGDEwFgMCp+uzVMYGARAwaRw4vr8y5k/5b/IdUh8Wzqlt4FF++jl5KsWV/uTlzE1/LpyDqgO5BcOqJ+YGhgYS0D6CPj9P1BdKZHqyohUV06kugoi1VUSqa6BGHXAoFUApekeTwvL11sO8jIyrQ8Mv7b9jYe2T7Q7z0L/jWoae3iOmT80ivJOe7gk6ovlxM5nO//Vfjh9RI3pjl1TY/5jFtEzK0verhdh5TXSMjVbdufypSsXnWauaQ1Y9ZjhlXh/UzrHlVSO39K6WbMui/KvVQlIOHbhId9XU+ETXn+CS8/6uxk8uqyqcrTPWXimNpu2nfsvCaVV1pypi178P7z/X4ByUcZD+Zi29hmiV95vOTT1i/V0vpD7KqL7Drh8XmHswx2+szj+9bE9IjY16fviKyate9P23dYksiLk1fEHnZNrbxSqqb4xN7AXdgzZaeHh821Hw+SqORtf/irVqxIqULmXc25dyKcT1jJPH4hIHi1gm5NvfHnqujss/pwOyY8feew8pjExqnrlsctvTny91q9ufYxLtVFBZNdpj6yMBLW354SFC13tjuVulHeIVRe4uOtuoJ1P5Rcnlw+Si+6ppyj9/jPr/gz35Zc6EwQNOQQXTeW7mP1n/f6b/mIJorM1rWu+zsx4cezz03OL8hKubjjW9GWt2tz3Tu86HaYIH+BcvyWy+4PEuXVnTvApzc7d+vzoAYuXdudu8octD8joD5iuI6PRuvhl540191dNXHY44CdH3ZUVzNutNN0/ni+t+a73V9rqyz4bXvu4flX1/oedFnuXH4gTr+d/YVbjPW9xr/W6LVq3cn6tKnu6VvaLT+9JDaUQy8oj3aKWuprAdKDIAM5rAkCKUQlIMDOCy6c2Bkg5xSQAZTDywBipYEYDtEwEMeCFWgqUASxhGRhUgaVqGDTFgco9gqUqA6xUZYSVqgywUpURVqoywkpVBoxSlRFWqoKsGC1VsZaqnG6jpSqyutFSdbRUpVep2gBJJkBhUCFHsIQFqcdRwjLGnvhsFz4j6NWNl9MtTPc/eyh+ZsPGc5cfKKVc/qCzU+faxkW7r05+JHRVwOOj9cX31kmRKzLkt3yX9Vl0dXKWxn3vD9pzmMLDk0uPN71M/c52OTL46+5Hyy35dX1XGp7afty1j3tX0oUzJxl89J2XqPMEKHAUuWodNFn1YGqME8PlDYf2Nhu06bcLanrpfsgqehy1m+XIvqWuTC4no55YKzQn6Cp2XnRKSclbYMyVWBoWuebV6VNZFddcpe4dPc6/qz16Xt0hjf+/nZuqd07+W2BncO1GkfI2ge6F1hz8vr6GNxh+VZz9rzxl7/vQuimSk7gU2koWi84pfSz1rzkkqOmABM/SlTvYJu2da2MJALfeXbjgCwAA",
                "format": "CAVIUM_V2_COMPRESSED"
              }
            ],
            "expire_time": "2021-12-26T09:19:11.339058954Z",
            "id": "projects/airline1-sabre-wolverine/locations/us/keyRings/savita-keyring-us/importJobs/wf-us-prod-kms-demo-imp1234",
            "import_job_id": "wf-us-prod-kms-demo-imp1234",
            "import_method": "RSA_OAEP_4096_SHA1_AES_256",
            "key_ring": "projects/airline1-sabre-wolverine/locations/us/keyRings/savita-keyring-us",
            "name": "projects/airline1-sabre-wolverine/locations/us/keyRings/savita-keyring-us/importJobs/wf-us-prod-kms-demo-imp1234",
            "protection_level": "HSM",
            "public_key": [
              {
                "pem": "-----BEGIN PUBLIC KEY-----\nMIICIjANBgkqhkiG9w0BAQEFAAOCAg8AMIICCgKCAgEAjEk4Oeu0wQ0BAq9RV9a3\n7EgrTFtHDKFPsSYovAzGN+EyWktm4aRa9DmRiea5/n3wy8QmAtw+goFv4wQVzKl0\n7a8UBQ0yKjU2ptzT0tTRQpmshVCq4wDqF4+CZwjUZQj7Gy1qmtMVD60kUGDG0OEO\n9TUTyEr8U3XNT0Yw4tMlJMWOQxOZKwYrPkf6GCKqOwllouj/w7/+UCNyaOEfXIaH\nmBXU77TClfQ7lw5U3yQVvsBE86gzTAtXuXNf68a8FDx8Z75feJKu7Ib3PTRZeFTq\nx+CJk33YcSYl7DcwPxNBVLk4SEz2uICTepyx6fp1LnoScCTebM6uVPLIOxzl4BQZ\nxXAGnG8z05Wu3ARPCUBj4+JIucYokVp7qcbT7Mj11o8nO8YKJYEgFLrLSGpoYCbt\nzhMTcUU+xm2xH0BdJxDRut1RPkx59EJE8Bmi3idkIvv8mt+YR6fSiWARMQgRopUO\n0Wv8r7/ZTxZgFZspO3z1mWjoxvPlzqJuYNWwxoL0rSad70LuiUCUE8AJr7RZi/AY\nzq7MyA4im22158XAOOk+ztkPVqdQaI9QlywcKIWj6YnYrN+qkabDUPkIftSoA7c6\nKUfxz3V89y79Gzr0vjwNP16PJSeP4Yk4vafAXhd/D+g2fEueo407rrQq2mz6qnbl\nrR30TI3JKCJUOXnEixU5LSkCAwEAAQ==\n-----END PUBLIC KEY-----\n"
              }
            ],
            "state": "ACTIVE",
            "timeouts": null
          },
          "sensitive_attributes": [],
          "private": "eyJlMmJmYjczMC1lY2FhLTExZTYtOGY4OC0zNDM2M2JjN2M0YzAiOnsiY3JlYXRlIjoyNDAwMDAwMDAwMDAsImRlbGV0ZSI6MjQwMDAwMDAwMDAwfX0="
        }
      ]
    },
    {
      "mode": "managed",
      "type": "google_logging_project_bucket_config",
      "name": "regional_dialog",
      "provider": "provider[\"registry.terraform.io/hashicorp/google\"]",
      "instances": [
        {
          "schema_version": 0,
          "attributes": {
            "bucket_id": "wf-us-prod-gcs-demo-dialogflow",
            "description": "",
            "id": "projects/airline1-sabre-wolverine/locations/us-central1/buckets/wf-us-prod-gcs-demo-dialogflow",
            "lifecycle_state": "ACTIVE",
            "location": "us-central1",
            "name": "projects/airline1-sabre-wolverine/locations/us-central1/buckets/wf-us-prod-gcs-demo-dialogflow",
            "project": "airline1-sabre-wolverine",
            "retention_days": 400
          },
          "sensitive_attributes": [],
          "private": "bnVsbA=="
        }
      ]
    },
    {
      "mode": "managed",
      "type": "google_logging_project_sink",
      "name": "dialog-sink",
      "provider": "provider[\"registry.terraform.io/hashicorp/google\"]",
      "instances": [
        {
          "schema_version": 0,
          "attributes": {
            "bigquery_options": [],
            "description": "",
            "destination": "logging.googleapis.com/projects/airline1-sabre-wolverine/locations/us-central1/buckets/wf-us-prod-gcs-demo-dialogflow",
            "disabled": false,
            "exclusions": [],
            "filter": "LOG_ID(\"dialogflow-runtime.googleapis.com/requests\")",
            "id": "projects/airline1-sabre-wolverine/sinks/wf-us-prod-log-demo-logsink",
            "name": "wf-us-prod-log-demo-logsink",
            "project": "airline1-sabre-wolverine",
            "unique_writer_identity": true,
            "writer_identity": ""
          },
          "sensitive_attributes": [],
          "private": "bnVsbA==",
          "dependencies": [
            "google_logging_project_bucket_config.regional_dialog"
          ]
        }
      ]
    },
    {
      "mode": "managed",
      "type": "google_project_service",
      "name": "apis",
      "provider": "provider[\"registry.terraform.io/hashicorp/google\"]",
      "instances": [
        {
          "index_key": "securitycenter.googleapis.com",
          "schema_version": 0,
          "attributes": {
            "disable_dependent_services": null,
            "disable_on_destroy": false,
            "id": "airline1-sabre-wolverine/securitycenter.googleapis.com",
            "project": "airline1-sabre-wolverine",
            "service": "securitycenter.googleapis.com",
            "timeouts": null
          },
          "sensitive_attributes": [],
          "private": "eyJlMmJmYjczMC1lY2FhLTExZTYtOGY4OC0zNDM2M2JjN2M0YzAiOnsiY3JlYXRlIjoxMjAwMDAwMDAwMDAwLCJkZWxldGUiOjEyMDAwMDAwMDAwMDAsInJlYWQiOjYwMDAwMDAwMDAwMCwidXBkYXRlIjoxMjAwMDAwMDAwMDAwfX0="
        }
      ]
    },
    {
      "mode": "managed",
      "type": "google_pubsub_subscription",
      "name": "subsc",
      "provider": "provider[\"registry.terraform.io/hashicorp/google\"]",
      "instances": []
    },
    {
      "mode": "managed",
      "type": "google_pubsub_topic",
      "name": "pb_topic",
      "provider": "provider[\"registry.terraform.io/hashicorp/google\"]",
      "instances": []
    },
    {
      "mode": "managed",
      "type": "google_pubsub_topic_iam_member",
      "name": "member",
      "provider": "provider[\"registry.terraform.io/hashicorp/google\"]",
      "instances": []
    },
    {
      "mode": "managed",
      "type": "google_scc_notification_config",
      "name": "kms_notification_config_high",
      "provider": "provider[\"registry.terraform.io/hashicorp/google\"]",
      "instances": []
    },
    {
      "mode": "managed",
      "type": "google_storage_bucket",
      "name": "bucket",
      "provider": "provider[\"registry.terraform.io/hashicorp/google\"]",
      "instances": [
        {
          "schema_version": 0,
          "attributes": {
            "cors": [],
            "default_event_based_hold": false,
            "encryption": [],
            "force_destroy": false,
            "id": "wf-us-prod-gcs-demo-12346",
            "labels": null,
            "lifecycle_rule": [],
            "location": "US",
            "logging": [],
            "name": "wf-us-prod-gcs-demo-12346",
            "project": "airline1-sabre-wolverine",
            "requester_pays": false,
            "retention_policy": [],
            "self_link": "https://www.googleapis.com/storage/v1/b/wf-us-prod-gcs-demo-12346",
            "storage_class": "STANDARD",
            "uniform_bucket_level_access": false,
            "url": "gs://wf-us-prod-gcs-demo-12346",
            "versioning": [],
            "website": []
          },
          "sensitive_attributes": [],
          "private": "bnVsbA=="
        }
      ]
    }
  ]
}
