{
  "version": 4,
  "terraform_version": "0.14.0",
  "serial": 4,
  "lineage": "1b7b6b52-c36d-b258-fa99-22c21757ead7",
  "outputs": {},
  "resources": [
    {
      "mode": "data",
      "type": "google_project",
      "name": "project",
      "provider": "provider[\"registry.terraform.io/hashicorp/google\"]",
      "instances": [
        {
          "schema_version": 0,
          "attributes": {
            "auto_create_network": null,
            "billing_account": "0177CD-5981DE-50612E",
            "folder_id": "299940155397",
            "id": "projects/airline1-sabre-wolverine",
            "labels": {},
            "name": "airline1-sabre-wolverine",
            "number": "680501254856",
            "org_id": "",
            "project_id": "airline1-sabre-wolverine",
            "skip_delete": null
          },
          "sensitive_attributes": []
        }
      ]
    },
    {
      "mode": "managed",
      "type": "google_bigquery_dataset",
      "name": "dataset",
      "provider": "provider[\"registry.terraform.io/hashicorp/google\"]",
      "instances": [
        {
          "schema_version": 0,
          "attributes": {
            "access": [
              {
                "domain": "",
                "group_by_email": "",
                "role": "OWNER",
                "special_group": "",
                "user_by_email": "savitap@google.com",
                "view": []
              },
              {
                "domain": "",
                "group_by_email": "",
                "role": "OWNER",
                "special_group": "projectOwners",
                "user_by_email": "",
                "view": []
              },
              {
                "domain": "",
                "group_by_email": "",
                "role": "READER",
                "special_group": "projectReaders",
                "user_by_email": "",
                "view": []
              },
              {
                "domain": "",
                "group_by_email": "",
                "role": "WRITER",
                "special_group": "projectWriters",
                "user_by_email": "",
                "view": []
              }
            ],
            "creation_time": 1640155468839,
            "dataset_id": "wf_us_prod_bq_demo_bqds",
            "default_encryption_configuration": [
              {
                "kms_key_name": "projects/airline1-sabre-wolverine/locations/us/keyRings/savita-keyring-us/cryptoKeys/wf-us-prod-kms-demo-key"
              }
            ],
            "default_partition_expiration_ms": 0,
            "default_table_expiration_ms": 0,
            "delete_contents_on_destroy": false,
            "description": "",
            "etag": "xVQxRpAJaCwY92DCah347Q==",
            "friendly_name": "",
            "id": "projects/airline1-sabre-wolverine/datasets/wf_us_prod_bq_demo_bqds",
            "labels": null,
            "last_modified_time": 1640155468839,
            "location": "US",
            "project": "airline1-sabre-wolverine",
            "self_link": "https://bigquery.googleapis.com/bigquery/v2/projects/airline1-sabre-wolverine/datasets/wf_us_prod_bq_demo_bqds",
            "timeouts": null
          },
          "sensitive_attributes": [],
          "private": "eyJlMmJmYjczMC1lY2FhLTExZTYtOGY4OC0zNDM2M2JjN2M0YzAiOnsiY3JlYXRlIjoyNDAwMDAwMDAwMDAsImRlbGV0ZSI6MjQwMDAwMDAwMDAwLCJ1cGRhdGUiOjI0MDAwMDAwMDAwMH19",
          "dependencies": [
            "google_kms_crypto_key.secret"
          ]
        }
      ]
    },
    {
      "mode": "managed",
      "type": "google_kms_crypto_key",
      "name": "secret",
      "provider": "provider[\"registry.terraform.io/hashicorp/google\"]",
      "instances": [
        {
          "schema_version": 1,
          "attributes": {
            "destroy_scheduled_duration": "86400s",
            "id": "projects/airline1-sabre-wolverine/locations/us/keyRings/savita-keyring-us/cryptoKeys/wf-us-prod-kms-demo-key",
            "import_only": false,
            "key_ring": "projects/airline1-sabre-wolverine/locations/us/keyRings/savita-keyring-us",
            "labels": null,
            "name": "wf-us-prod-kms-demo-key",
            "purpose": "ENCRYPT_DECRYPT",
            "rotation_period": "",
            "skip_initial_version_creation": false,
            "timeouts": null,
            "version_template": [
              {
                "algorithm": "GOOGLE_SYMMETRIC_ENCRYPTION",
                "protection_level": "SOFTWARE"
              }
            ]
          },
          "sensitive_attributes": [],
          "private": "eyJlMmJmYjczMC1lY2FhLTExZTYtOGY4OC0zNDM2M2JjN2M0YzAiOnsiY3JlYXRlIjoyNDAwMDAwMDAwMDAsImRlbGV0ZSI6MjQwMDAwMDAwMDAwLCJ1cGRhdGUiOjI0MDAwMDAwMDAwMH0sInNjaGVtYV92ZXJzaW9uIjoiMSJ9"
        }
      ]
    },
    {
      "mode": "managed",
      "type": "google_kms_crypto_key_iam_member",
      "name": "bq_encryption_iam",
      "provider": "provider[\"registry.terraform.io/hashicorp/google\"]",
      "instances": [
        {
          "schema_version": 0,
          "attributes": {
            "condition": [],
            "crypto_key_id": "projects/airline1-sabre-wolverine/locations/us/keyRings/savita-keyring-us/cryptoKeys/wf-us-prod-kms-demo-key",
            "etag": "BwXTtnQb834=",
            "id": "projects/airline1-sabre-wolverine/locations/us/keyRings/savita-keyring-us/cryptoKeys/wf-us-prod-kms-demo-key/roles/cloudkms.cryptoKeyEncrypterDecrypter/serviceAccount:bq-680501254856@bigquery-encryption.iam.gserviceaccount.com",
            "member": "serviceAccount:bq-680501254856@bigquery-encryption.iam.gserviceaccount.com",
            "role": "roles/cloudkms.cryptoKeyEncrypterDecrypter"
          },
          "sensitive_attributes": [],
          "private": "bnVsbA==",
          "dependencies": [
            "data.google_project.project",
            "google_kms_crypto_key.secret"
          ]
        }
      ]
    }
  ]
}
